
Microsoft Visual Studio Solution File, Format Version 12.00
# Visual Studio Version 17
VisualStudioVersion = 17.0.31903.59
MinimumVisualStudioVersion = 10.0.40219.1
Project("{FAE04EC0-301F-11D3-BF4B-00C04F79EFBC}") = "TimeFlow.API", "TimeFlow.API\TimeFlow.API.csproj", "{530C7A59-D59E-4971-BC7F-5B4A19750372}"
EndProject
Project("{FAE04EC0-301F-11D3-BF4B-00C04F79EFBC}") = "TimeFlow.DAL", "TimeFlow.DAL\TimeFlow.DAL.csproj", "{A7CC6A11-6A9D-4687-9D90-2D74EA6F390C}"
EndProject
Project("{FAE04EC0-301F-11D3-BF4B-00C04F79EFBC}") = "TimeFlow.DL", "TimeFlow.DL\TimeFlow.DL.csproj", "{49165922-F34A-4568-ABC2-6D5C3D181FC6}"
EndProject
Project("{FAE04EC0-301F-11D3-BF4B-00C04F79EFBC}") = "TimeFlow.Tests", "TimeFlow.Tests\TimeFlow.Tests.csproj", "{DC641124-B789-474D-80DE-C42048BC3345}"
EndProject
Global
	GlobalSection(SolutionConfigurationPlatforms) = preSolution
		Debug|Any CPU = Debug|Any CPU
		Release|Any CPU = Release|Any CPU
	EndGlobalSection
	GlobalSection(SolutionProperties) = preSolution
		HideSolutionNode = FALSE
	EndGlobalSection
	GlobalSection(ProjectConfigurationPlatforms) = postSolution
		{530C7A59-D59E-4971-BC7F-5B4A19750372}.Debug|Any CPU.ActiveCfg = Debug|Any CPU
		{530C7A59-D59E-4971-BC7F-5B4A19750372}.Debug|Any CPU.Build.0 = Debug|Any CPU
		{530C7A59-D59E-4971-BC7F-5B4A19750372}.Release|Any CPU.ActiveCfg = Release|Any CPU
		{530C7A59-D59E-4971-BC7F-5B4A19750372}.Release|Any CPU.Build.0 = Release|Any CPU
		{A7CC6A11-6A9D-4687-9D90-2D74EA6F390C}.Debug|Any CPU.ActiveCfg = Debug|Any CPU
		{A7CC6A11-6A9D-4687-9D90-2D74EA6F390C}.Debug|Any CPU.Build.0 = Debug|Any CPU
		{A7CC6A11-6A9D-4687-9D90-2D74EA6F390C}.Release|Any CPU.ActiveCfg = Release|Any CPU
		{A7CC6A11-6A9D-4687-9D90-2D74EA6F390C}.Release|Any CPU.Build.0 = Release|Any CPU
		{49165922-F34A-4568-ABC2-6D5C3D181FC6}.Debug|Any CPU.ActiveCfg = Debug|Any CPU
		{49165922-F34A-4568-ABC2-6D5C3D181FC6}.Debug|Any CPU.Build.0 = Debug|Any CPU
		{49165922-F34A-4568-ABC2-6D5C3D181FC6}.Release|Any CPU.ActiveCfg = Release|Any CPU
		{49165922-F34A-4568-ABC2-6D5C3D181FC6}.Release|Any CPU.Build.0 = Release|Any CPU
		{DC641124-B789-474D-80DE-C42048BC3345}.Debug|Any CPU.ActiveCfg = Debug|Any CPU
		{DC641124-B789-474D-80DE-C42048BC3345}.Debug|Any CPU.Build.0 = Debug|Any CPU
		{DC641124-B789-474D-80DE-C42048BC3345}.Release|Any CPU.ActiveCfg = Release|Any CPU
		{DC641124-B789-474D-80DE-C42048BC3345}.Release|Any CPU.Build.0 = Release|Any CPU
	EndGlobalSection
EndGlobal
